
Microsoft Visual Studio Solution File, Format Version 12.00
# Visual Studio Version 16
VisualStudioVersion = 16.0.29728.190
MinimumVisualStudioVersion = 10.0.40219.1
Project("{FAE04EC0-301F-11D3-BF4B-00C04F79EFBC}") = "TestColor", "TestColor\TestColor.csproj", "{AD2D4EFA-3F26-4570-9CE2-2E55CAC4E08A}"
EndProject
Global
	GlobalSection(SolutionConfigurationPlatforms) = preSolution
		Debug|Any CPU = Debug|Any CPU
		Release|Any CPU = Release|Any CPU
	EndGlobalSection
	GlobalSection(ProjectConfigurationPlatforms) = postSolution
		{AD2D4EFA-3F26-4570-9CE2-2E55CAC4E08A}.Debug|Any CPU.ActiveCfg = Debug|Any CPU
		{AD2D4EFA-3F26-4570-9CE2-2E55CAC4E08A}.Debug|Any CPU.Build.0 = Debug|Any CPU
		{AD2D4EFA-3F26-4570-9CE2-2E55CAC4E08A}.Release|Any CPU.ActiveCfg = Release|Any CPU
		{AD2D4EFA-3F26-4570-9CE2-2E55CAC4E08A}.Release|Any CPU.Build.0 = Release|Any CPU
	EndGlobalSection
	GlobalSection(SolutionProperties) = preSolution
		HideSolutionNode = FALSE
	EndGlobalSection
	GlobalSection(ExtensibilityGlobals) = postSolution
		SolutionGuid = {EBC95662-C90F-4EE4-B70F-2A04EAB285B5}
	EndGlobalSection
EndGlobal
